{
    "CHANGELOG.md": "d59f2bbd311d7882",
    "installer.ps1": "29990faacaac39b2",
    "installer.sh": "c6c5bb65037b953e",
    "src/constants.hpp": "c0eb1895e649bf8a",
    "src/core.hpp": "2d4d6aae0171dae1",
    "src/main.cpp": "c4bd5355f0df5d2d",
    "src/update.ps1": "014ae2448f31f4f6",
    "src/update.sh": "226523d3dd2e5b5c",
    "src/utils.hpp": "86b8fe8d34bf26b7"
}