{
    "CHANGELOG.md": "da47bec41b320126",
    "installer.ps1": "4cc276f22dd322e3",
    "installer.sh": "82d0f7d676bf319e",
    "src/constants.hpp": "c0eb1895e649bf8a",
    "src/core.hpp": "b011c3dbd00dc51e",
    "src/main.cpp": "404967c2cbb2cfd7",
    "src/update.ps1": "014ae2448f31f4f6",
    "src/update.sh": "226523d3dd2e5b5c",
    "src/utils.hpp": "86b8fe8d34bf26b7"
}